
Microsoft Visual Studio Solution File, Format Version 12.00
# Visual Studio 15
VisualStudioVersion = 15.0.27703.2035
MinimumVisualStudioVersion = 10.0.40219.1
Project("{FAE04EC0-301F-11D3-BF4B-00C04F79EFBC}") = "GiveTakeFunctionFileGenerator", "FunctionFileGenerator\GiveTakeFunctionFileGenerator.csproj", "{76F445B4-F338-44AD-804B-144E39AF5283}"
EndProject
Global
	GlobalSection(SolutionConfigurationPlatforms) = preSolution
		Debug|Any CPU = Debug|Any CPU
		Release|Any CPU = Release|Any CPU
	EndGlobalSection
	GlobalSection(ProjectConfigurationPlatforms) = postSolution
		{76F445B4-F338-44AD-804B-144E39AF5283}.Debug|Any CPU.ActiveCfg = Debug|Any CPU
		{76F445B4-F338-44AD-804B-144E39AF5283}.Debug|Any CPU.Build.0 = Debug|Any CPU
		{76F445B4-F338-44AD-804B-144E39AF5283}.Release|Any CPU.ActiveCfg = Release|Any CPU
		{76F445B4-F338-44AD-804B-144E39AF5283}.Release|Any CPU.Build.0 = Release|Any CPU
	EndGlobalSection
	GlobalSection(SolutionProperties) = preSolution
		HideSolutionNode = FALSE
	EndGlobalSection
	GlobalSection(ExtensibilityGlobals) = postSolution
		SolutionGuid = {2E3DAE58-DCB0-493A-8D9A-E46698F45C9E}
	EndGlobalSection
EndGlobal
